
Microsoft Visual Studio Solution File, Format Version 12.00
Project("{FAE04EC0-301F-11D3-BF4B-00C04F79EFBC}") = "IntervalLib", "IntervalLib\IntervalLib.csproj", "{2A0B7F6B-B57F-46C7-A2ED-60ED4C4F657F}"
EndProject
Project("{FAE04EC0-301F-11D3-BF4B-00C04F79EFBC}") = "SunTimeLib", "SunTimeLib\SunTimeLib.csproj", "{BFB17AAF-8C26-4802-AB46-DB224E1777BD}"
EndProject
Project("{FAE04EC0-301F-11D3-BF4B-00C04F79EFBC}") = "GeoLib", "GeoLib\GeoLib.csproj", "{63791FB9-B1B8-40A0-A4F9-A6370F2B8D3A}"
EndProject
Project("{FAE04EC0-301F-11D3-BF4B-00C04F79EFBC}") = "SunCalLib", "SunCalLib\SunCalLib.csproj", "{1C57325F-D66A-4D5B-8B8E-3E03F2269781}"
EndProject
Project("{FAE04EC0-301F-11D3-BF4B-00C04F79EFBC}") = "Test", "Test\Test.csproj", "{DD95BE82-216C-427A-B97F-6A45281D8EEF}"
EndProject
Global
	GlobalSection(SolutionConfigurationPlatforms) = preSolution
		Debug|Any CPU = Debug|Any CPU
		Release|Any CPU = Release|Any CPU
	EndGlobalSection
	GlobalSection(ProjectConfigurationPlatforms) = postSolution
		{2A0B7F6B-B57F-46C7-A2ED-60ED4C4F657F}.Debug|Any CPU.ActiveCfg = Debug|Any CPU
		{2A0B7F6B-B57F-46C7-A2ED-60ED4C4F657F}.Debug|Any CPU.Build.0 = Debug|Any CPU
		{2A0B7F6B-B57F-46C7-A2ED-60ED4C4F657F}.Release|Any CPU.ActiveCfg = Release|Any CPU
		{2A0B7F6B-B57F-46C7-A2ED-60ED4C4F657F}.Release|Any CPU.Build.0 = Release|Any CPU
		{BFB17AAF-8C26-4802-AB46-DB224E1777BD}.Debug|Any CPU.ActiveCfg = Debug|Any CPU
		{BFB17AAF-8C26-4802-AB46-DB224E1777BD}.Debug|Any CPU.Build.0 = Debug|Any CPU
		{BFB17AAF-8C26-4802-AB46-DB224E1777BD}.Release|Any CPU.ActiveCfg = Release|Any CPU
		{BFB17AAF-8C26-4802-AB46-DB224E1777BD}.Release|Any CPU.Build.0 = Release|Any CPU
		{63791FB9-B1B8-40A0-A4F9-A6370F2B8D3A}.Debug|Any CPU.ActiveCfg = Debug|Any CPU
		{63791FB9-B1B8-40A0-A4F9-A6370F2B8D3A}.Debug|Any CPU.Build.0 = Debug|Any CPU
		{63791FB9-B1B8-40A0-A4F9-A6370F2B8D3A}.Release|Any CPU.ActiveCfg = Release|Any CPU
		{63791FB9-B1B8-40A0-A4F9-A6370F2B8D3A}.Release|Any CPU.Build.0 = Release|Any CPU
		{1C57325F-D66A-4D5B-8B8E-3E03F2269781}.Debug|Any CPU.ActiveCfg = Debug|Any CPU
		{1C57325F-D66A-4D5B-8B8E-3E03F2269781}.Debug|Any CPU.Build.0 = Debug|Any CPU
		{1C57325F-D66A-4D5B-8B8E-3E03F2269781}.Release|Any CPU.ActiveCfg = Release|Any CPU
		{1C57325F-D66A-4D5B-8B8E-3E03F2269781}.Release|Any CPU.Build.0 = Release|Any CPU
		{DD95BE82-216C-427A-B97F-6A45281D8EEF}.Debug|Any CPU.ActiveCfg = Debug|Any CPU
		{DD95BE82-216C-427A-B97F-6A45281D8EEF}.Debug|Any CPU.Build.0 = Debug|Any CPU
		{DD95BE82-216C-427A-B97F-6A45281D8EEF}.Release|Any CPU.ActiveCfg = Release|Any CPU
		{DD95BE82-216C-427A-B97F-6A45281D8EEF}.Release|Any CPU.Build.0 = Release|Any CPU
	EndGlobalSection
EndGlobal
